
Microsoft Visual Studio Solution File, Format Version 12.00
# Visual Studio Version 16
VisualStudioVersion = 16.0.30804.86
MinimumVisualStudioVersion = 10.0.40219.1
Project("{F184B08F-C81C-45F6-A57F-5ABD9991F28F}") = "壳尘", "壳尘\壳尘.vbproj", "{62FD1F82-0C78-4AE2-8EED-610132FDD415}"
EndProject
Project("{F184B08F-C81C-45F6-A57F-5ABD9991F28F}") = "控制台", "控制台\控制台.vbproj", "{EA316436-8724-43A0-B0D4-F34B21282F35}"
EndProject
Project("{FAE04EC0-301F-11D3-BF4B-00C04F79EFBC}") = "Cshap控制台", "Cshap控制台\Cshap控制台.csproj", "{74ED2352-34DD-46B7-AF5F-99764DE59207}"
EndProject
Project("{F184B08F-C81C-45F6-A57F-5ABD9991F28F}") = "工作空间", "工作空间\工作空间.vbproj", "{C8E573F0-D02E-48CD-A4AE-FFC8408C9C46}"
EndProject
Project("{F184B08F-C81C-45F6-A57F-5ABD9991F28F}") = "控件测试空间", "控件测试空间\控件测试空间.vbproj", "{13E7C6B7-E5ED-484F-8998-5D282DF63986}"
EndProject
Project("{F184B08F-C81C-45F6-A57F-5ABD9991F28F}") = "控件设计空间", "控件设计空间\控件设计空间.vbproj", "{29987199-6971-4F8E-9CB9-CAF6653F6E93}"
EndProject
Global
	GlobalSection(SolutionConfigurationPlatforms) = preSolution
		Debug|Any CPU = Debug|Any CPU
		Debug|x86 = Debug|x86
		Release|Any CPU = Release|Any CPU
		Release|x86 = Release|x86
	EndGlobalSection
	GlobalSection(ProjectConfigurationPlatforms) = postSolution
		{62FD1F82-0C78-4AE2-8EED-610132FDD415}.Debug|Any CPU.ActiveCfg = Debug|Any CPU
		{62FD1F82-0C78-4AE2-8EED-610132FDD415}.Debug|Any CPU.Build.0 = Debug|Any CPU
		{62FD1F82-0C78-4AE2-8EED-610132FDD415}.Debug|x86.ActiveCfg = Debug|Any CPU
		{62FD1F82-0C78-4AE2-8EED-610132FDD415}.Debug|x86.Build.0 = Debug|Any CPU
		{62FD1F82-0C78-4AE2-8EED-610132FDD415}.Release|Any CPU.ActiveCfg = Release|Any CPU
		{62FD1F82-0C78-4AE2-8EED-610132FDD415}.Release|Any CPU.Build.0 = Release|Any CPU
		{62FD1F82-0C78-4AE2-8EED-610132FDD415}.Release|x86.ActiveCfg = Release|Any CPU
		{62FD1F82-0C78-4AE2-8EED-610132FDD415}.Release|x86.Build.0 = Release|Any CPU
		{EA316436-8724-43A0-B0D4-F34B21282F35}.Debug|Any CPU.ActiveCfg = Debug|Any CPU
		{EA316436-8724-43A0-B0D4-F34B21282F35}.Debug|Any CPU.Build.0 = Debug|Any CPU
		{EA316436-8724-43A0-B0D4-F34B21282F35}.Debug|x86.ActiveCfg = Debug|Any CPU
		{EA316436-8724-43A0-B0D4-F34B21282F35}.Debug|x86.Build.0 = Debug|Any CPU
		{EA316436-8724-43A0-B0D4-F34B21282F35}.Release|Any CPU.ActiveCfg = Release|Any CPU
		{EA316436-8724-43A0-B0D4-F34B21282F35}.Release|Any CPU.Build.0 = Release|Any CPU
		{EA316436-8724-43A0-B0D4-F34B21282F35}.Release|x86.ActiveCfg = Release|Any CPU
		{EA316436-8724-43A0-B0D4-F34B21282F35}.Release|x86.Build.0 = Release|Any CPU
		{74ED2352-34DD-46B7-AF5F-99764DE59207}.Debug|Any CPU.ActiveCfg = Debug|Any CPU
		{74ED2352-34DD-46B7-AF5F-99764DE59207}.Debug|Any CPU.Build.0 = Debug|Any CPU
		{74ED2352-34DD-46B7-AF5F-99764DE59207}.Debug|x86.ActiveCfg = Debug|Any CPU
		{74ED2352-34DD-46B7-AF5F-99764DE59207}.Debug|x86.Build.0 = Debug|Any CPU
		{74ED2352-34DD-46B7-AF5F-99764DE59207}.Release|Any CPU.ActiveCfg = Release|Any CPU
		{74ED2352-34DD-46B7-AF5F-99764DE59207}.Release|Any CPU.Build.0 = Release|Any CPU
		{74ED2352-34DD-46B7-AF5F-99764DE59207}.Release|x86.ActiveCfg = Release|Any CPU
		{74ED2352-34DD-46B7-AF5F-99764DE59207}.Release|x86.Build.0 = Release|Any CPU
		{C8E573F0-D02E-48CD-A4AE-FFC8408C9C46}.Debug|Any CPU.ActiveCfg = Debug|Any CPU
		{C8E573F0-D02E-48CD-A4AE-FFC8408C9C46}.Debug|Any CPU.Build.0 = Debug|Any CPU
		{C8E573F0-D02E-48CD-A4AE-FFC8408C9C46}.Debug|x86.ActiveCfg = Debug|Any CPU
		{C8E573F0-D02E-48CD-A4AE-FFC8408C9C46}.Debug|x86.Build.0 = Debug|Any CPU
		{C8E573F0-D02E-48CD-A4AE-FFC8408C9C46}.Release|Any CPU.ActiveCfg = Release|Any CPU
		{C8E573F0-D02E-48CD-A4AE-FFC8408C9C46}.Release|Any CPU.Build.0 = Release|Any CPU
		{C8E573F0-D02E-48CD-A4AE-FFC8408C9C46}.Release|x86.ActiveCfg = Release|Any CPU
		{C8E573F0-D02E-48CD-A4AE-FFC8408C9C46}.Release|x86.Build.0 = Release|Any CPU
		{13E7C6B7-E5ED-484F-8998-5D282DF63986}.Debug|Any CPU.ActiveCfg = Debug|Any CPU
		{13E7C6B7-E5ED-484F-8998-5D282DF63986}.Debug|Any CPU.Build.0 = Debug|Any CPU
		{13E7C6B7-E5ED-484F-8998-5D282DF63986}.Debug|x86.ActiveCfg = Debug|Any CPU
		{13E7C6B7-E5ED-484F-8998-5D282DF63986}.Debug|x86.Build.0 = Debug|Any CPU
		{13E7C6B7-E5ED-484F-8998-5D282DF63986}.Release|Any CPU.ActiveCfg = Release|Any CPU
		{13E7C6B7-E5ED-484F-8998-5D282DF63986}.Release|Any CPU.Build.0 = Release|Any CPU
		{13E7C6B7-E5ED-484F-8998-5D282DF63986}.Release|x86.ActiveCfg = Release|Any CPU
		{13E7C6B7-E5ED-484F-8998-5D282DF63986}.Release|x86.Build.0 = Release|Any CPU
		{29987199-6971-4F8E-9CB9-CAF6653F6E93}.Debug|Any CPU.ActiveCfg = Debug|Any CPU
		{29987199-6971-4F8E-9CB9-CAF6653F6E93}.Debug|Any CPU.Build.0 = Debug|Any CPU
		{29987199-6971-4F8E-9CB9-CAF6653F6E93}.Debug|x86.ActiveCfg = Debug|Any CPU
		{29987199-6971-4F8E-9CB9-CAF6653F6E93}.Debug|x86.Build.0 = Debug|Any CPU
		{29987199-6971-4F8E-9CB9-CAF6653F6E93}.Release|Any CPU.ActiveCfg = Release|Any CPU
		{29987199-6971-4F8E-9CB9-CAF6653F6E93}.Release|Any CPU.Build.0 = Release|Any CPU
		{29987199-6971-4F8E-9CB9-CAF6653F6E93}.Release|x86.ActiveCfg = Release|Any CPU
		{29987199-6971-4F8E-9CB9-CAF6653F6E93}.Release|x86.Build.0 = Release|Any CPU
	EndGlobalSection
	GlobalSection(SolutionProperties) = preSolution
		HideSolutionNode = FALSE
	EndGlobalSection
	GlobalSection(ExtensibilityGlobals) = postSolution
		SolutionGuid = {DDC139E1-979A-43BD-8714-978A600FABD2}
	EndGlobalSection
EndGlobal
